
Microsoft Visual Studio Solution File, Format Version 12.00
# Visual Studio Version 17
VisualStudioVersion = 17.8.34330.188
MinimumVisualStudioVersion = 10.0.40219.1
Project("{FAE04EC0-301F-11D3-BF4B-00C04F79EFBC}") = "ShAbedi.ChatWithSupport", "ShAbedi.ChatWithSupport\ShAbedi.ChatWithSupport.csproj", "{10B0D6C8-034A-4746-AF2E-1C5533460FAE}"
EndProject
Project("{FAE04EC0-301F-11D3-BF4B-00C04F79EFBC}") = "ShAbedi.SupportClient", "ShAbedi.SupportClient\ShAbedi.SupportClient.csproj", "{C069DD3E-D0C4-438D-AF0F-671567CAA2F8}"
EndProject
Project("{FAE04EC0-301F-11D3-BF4B-00C04F79EFBC}") = "SHAbedi.UserClient", "SHAbedi.UserClient\SHAbedi.UserClient.csproj", "{3D598CF4-8FEE-496A-ACAF-1FD784880542}"
EndProject
Global
	GlobalSection(SolutionConfigurationPlatforms) = preSolution
		Debug|Any CPU = Debug|Any CPU
		Release|Any CPU = Release|Any CPU
	EndGlobalSection
	GlobalSection(ProjectConfigurationPlatforms) = postSolution
		{10B0D6C8-034A-4746-AF2E-1C5533460FAE}.Debug|Any CPU.ActiveCfg = Debug|Any CPU
		{10B0D6C8-034A-4746-AF2E-1C5533460FAE}.Debug|Any CPU.Build.0 = Debug|Any CPU
		{10B0D6C8-034A-4746-AF2E-1C5533460FAE}.Release|Any CPU.ActiveCfg = Release|Any CPU
		{10B0D6C8-034A-4746-AF2E-1C5533460FAE}.Release|Any CPU.Build.0 = Release|Any CPU
		{C069DD3E-D0C4-438D-AF0F-671567CAA2F8}.Debug|Any CPU.ActiveCfg = Debug|Any CPU
		{C069DD3E-D0C4-438D-AF0F-671567CAA2F8}.Debug|Any CPU.Build.0 = Debug|Any CPU
		{C069DD3E-D0C4-438D-AF0F-671567CAA2F8}.Release|Any CPU.ActiveCfg = Release|Any CPU
		{C069DD3E-D0C4-438D-AF0F-671567CAA2F8}.Release|Any CPU.Build.0 = Release|Any CPU
		{3D598CF4-8FEE-496A-ACAF-1FD784880542}.Debug|Any CPU.ActiveCfg = Debug|Any CPU
		{3D598CF4-8FEE-496A-ACAF-1FD784880542}.Debug|Any CPU.Build.0 = Debug|Any CPU
		{3D598CF4-8FEE-496A-ACAF-1FD784880542}.Release|Any CPU.ActiveCfg = Release|Any CPU
		{3D598CF4-8FEE-496A-ACAF-1FD784880542}.Release|Any CPU.Build.0 = Release|Any CPU
	EndGlobalSection
	GlobalSection(SolutionProperties) = preSolution
		HideSolutionNode = FALSE
	EndGlobalSection
	GlobalSection(ExtensibilityGlobals) = postSolution
		SolutionGuid = {8F6C4FC2-5DCA-47BD-8AC8-7E7B6BEA53DE}
	EndGlobalSection
EndGlobal
